
Microsoft Visual Studio Solution File, Format Version 12.00
# Visual Studio Version 17
VisualStudioVersion = 17.4.33213.308
MinimumVisualStudioVersion = 10.0.40219.1
Project("{FAE04EC0-301F-11D3-BF4B-00C04F79EFBC}") = "HomeworkMay29.Web", "HomeworkMay29.Web\HomeworkMay29.Web.csproj", "{34FE5B26-37B7-47F7-BDE2-FC3D7D9F193B}"
EndProject
Project("{FAE04EC0-301F-11D3-BF4B-00C04F79EFBC}") = "HomeworkMay29.Data", "HomeworkMay29.Data\HomeworkMay29.Data.csproj", "{040B624F-0D0D-4964-BD08-A06395925F07}"
EndProject
Global
	GlobalSection(SolutionConfigurationPlatforms) = preSolution
		Debug|Any CPU = Debug|Any CPU
		Release|Any CPU = Release|Any CPU
	EndGlobalSection
	GlobalSection(ProjectConfigurationPlatforms) = postSolution
		{34FE5B26-37B7-47F7-BDE2-FC3D7D9F193B}.Debug|Any CPU.ActiveCfg = Debug|Any CPU
		{34FE5B26-37B7-47F7-BDE2-FC3D7D9F193B}.Debug|Any CPU.Build.0 = Debug|Any CPU
		{34FE5B26-37B7-47F7-BDE2-FC3D7D9F193B}.Release|Any CPU.ActiveCfg = Release|Any CPU
		{34FE5B26-37B7-47F7-BDE2-FC3D7D9F193B}.Release|Any CPU.Build.0 = Release|Any CPU
		{040B624F-0D0D-4964-BD08-A06395925F07}.Debug|Any CPU.ActiveCfg = Debug|Any CPU
		{040B624F-0D0D-4964-BD08-A06395925F07}.Debug|Any CPU.Build.0 = Debug|Any CPU
		{040B624F-0D0D-4964-BD08-A06395925F07}.Release|Any CPU.ActiveCfg = Release|Any CPU
		{040B624F-0D0D-4964-BD08-A06395925F07}.Release|Any CPU.Build.0 = Release|Any CPU
	EndGlobalSection
	GlobalSection(SolutionProperties) = preSolution
		HideSolutionNode = FALSE
	EndGlobalSection
	GlobalSection(ExtensibilityGlobals) = postSolution
		SolutionGuid = {2DA7C091-9558-4044-9B94-C855589C1782}
	EndGlobalSection
EndGlobal
